// !$*UTF8*$!
{
	archiveVersion = 1;
	classes = {
	};
	objectVersion = 56;
	objects = {

/* Begin PBXBuildFile section */
		DB5D1D8E2C8E512200430A06 /* AdministradorRentaApp.swift in Sources */ = {isa = PBXBuildFile; fileRef = DB5D1D8D2C8E512200430A06 /* AdministradorRentaApp.swift */; };
		DB5D1D902C8E512200430A06 /* ContentView.swift in Sources */ = {isa = PBXBuildFile; fileRef = DB5D1D8F2C8E512200430A06 /* ContentView.swift */; };
		DB5D1D922C8E512400430A06 /* Assets.xcassets in Resources */ = {isa = PBXBuildFile; fileRef = DB5D1D912C8E512400430A06 /* Assets.xcassets */; };
		DB5D1D952C8E512400430A06 /* Preview Assets.xcassets in Resources */ = {isa = PBXBuildFile; fileRef = DB5D1D942C8E512400430A06 /* Preview Assets.xcassets */; };
		DB5D1D9D2C8E58F000430A06 /* InquilinoModel.swift in Sources */ = {isa = PBXBuildFile; fileRef = DB5D1D9C2C8E58F000430A06 /* InquilinoModel.swift */; };
		DB5D1DA42C8E5A9F00430A06 /* InquilinoIItemUIView.swift in Sources */ = {isa = PBXBuildFile; fileRef = DB5D1DA32C8E5A9F00430A06 /* InquilinoIItemUIView.swift */; };
		DB5D1DA62C8E5E9F00430A06 /* InquilinoItemViewModel.swift in Sources */ = {isa = PBXBuildFile; fileRef = DB5D1DA52C8E5E9F00430A06 /* InquilinoItemViewModel.swift */; };
		DB5D1DAD2C8EB01D00430A06 /* InquilinoDetallesUIView.swift in Sources */ = {isa = PBXBuildFile; fileRef = DB5D1DAC2C8EB01D00430A06 /* InquilinoDetallesUIView.swift */; };
/* End PBXBuildFile section */

/* Begin PBXFileReference section */
		DB5D1D8A2C8E512200430A06 /* AdministradorRenta.app */ = {isa = PBXFileReference; explicitFileType = wrapper.application; includeInIndex = 0; path = AdministradorRenta.app; sourceTree = BUILT_PRODUCTS_DIR; };
		DB5D1D8D2C8E512200430A06 /* AdministradorRentaApp.swift */ = {isa = PBXFileReference; lastKnownFileType = sourcecode.swift; path = AdministradorRentaApp.swift; sourceTree = "<group>"; };
		DB5D1D8F2C8E512200430A06 /* ContentView.swift */ = {isa = PBXFileReference; lastKnownFileType = sourcecode.swift; path = ContentView.swift; sourceTree = "<group>"; };
		DB5D1D912C8E512400430A06 /* Assets.xcassets */ = {isa = PBXFileReference; lastKnownFileType = folder.assetcatalog; path = Assets.xcassets; sourceTree = "<group>"; };
		DB5D1D942C8E512400430A06 /* Preview Assets.xcassets */ = {isa = PBXFileReference; lastKnownFileType = folder.assetcatalog; path = "Preview Assets.xcassets"; sourceTree = "<group>"; };
		DB5D1D9C2C8E58F000430A06 /* InquilinoModel.swift */ = {isa = PBXFileReference; lastKnownFileType = sourcecode.swift; path = InquilinoModel.swift; sourceTree = "<group>"; };
		DB5D1DA32C8E5A9F00430A06 /* InquilinoIItemUIView.swift */ = {isa = PBXFileReference; lastKnownFileType = sourcecode.swift; path = InquilinoIItemUIView.swift; sourceTree = "<group>"; };
		DB5D1DA52C8E5E9F00430A06 /* InquilinoItemViewModel.swift */ = {isa = PBXFileReference; lastKnownFileType = sourcecode.swift; path = InquilinoItemViewModel.swift; sourceTree = "<group>"; };
		DB5D1DAC2C8EB01D00430A06 /* InquilinoDetallesUIView.swift */ = {isa = PBXFileReference; lastKnownFileType = sourcecode.swift; path = InquilinoDetallesUIView.swift; sourceTree = "<group>"; };
/* End PBXFileReference section */

/* Begin PBXFrameworksBuildPhase section */
		DB5D1D872C8E512200430A06 /* Frameworks */ = {
			isa = PBXFrameworksBuildPhase;
			buildActionMask = 2147483647;
			files = (
			);
			runOnlyForDeploymentPostprocessing = 0;
		};
/* End PBXFrameworksBuildPhase section */

/* Begin PBXGroup section */
		DB5D1D812C8E512200430A06 = {
			isa = PBXGroup;
			children = (
				DB5D1D8C2C8E512200430A06 /* AdministradorRenta */,
				DB5D1D8B2C8E512200430A06 /* Products */,
			);
			sourceTree = "<group>";
		};
		DB5D1D8B2C8E512200430A06 /* Products */ = {
			isa = PBXGroup;
			children = (
				DB5D1D8A2C8E512200430A06 /* AdministradorRenta.app */,
			);
			name = Products;
			sourceTree = "<group>";
		};
		DB5D1D8C2C8E512200430A06 /* AdministradorRenta */ = {
			isa = PBXGroup;
			children = (
				DB5D1DA82C8EAFE800430A06 /* InquilinoDetalle */,
				DB5D1DA72C8E655D00430A06 /* InquilinoListView */,
				DB5D1D9B2C8E58D400430A06 /* InquilinoModule */,
				DB5D1D8D2C8E512200430A06 /* AdministradorRentaApp.swift */,
				DB5D1D8F2C8E512200430A06 /* ContentView.swift */,
				DB5D1D912C8E512400430A06 /* Assets.xcassets */,
				DB5D1D932C8E512400430A06 /* Preview Content */,
			);
			path = AdministradorRenta;
			sourceTree = "<group>";
		};
		DB5D1D932C8E512400430A06 /* Preview Content */ = {
			isa = PBXGroup;
			children = (
				DB5D1D942C8E512400430A06 /* Preview Assets.xcassets */,
			);
			path = "Preview Content";
			sourceTree = "<group>";
		};
		DB5D1D9B2C8E58D400430A06 /* InquilinoModule */ = {
			isa = PBXGroup;
			children = (
				DB5D1DA02C8E590400430A06 /* ViewModel */,
				DB5D1D9F2C8E58FE00430A06 /* View */,
				DB5D1D9E2C8E58F700430A06 /* Model */,
			);
			path = InquilinoModule;
			sourceTree = "<group>";
		};
		DB5D1D9E2C8E58F700430A06 /* Model */ = {
			isa = PBXGroup;
			children = (
				DB5D1D9C2C8E58F000430A06 /* InquilinoModel.swift */,
			);
			path = Model;
			sourceTree = "<group>";
		};
		DB5D1D9F2C8E58FE00430A06 /* View */ = {
			isa = PBXGroup;
			children = (
				DB5D1DA32C8E5A9F00430A06 /* InquilinoIItemUIView.swift */,
			);
			path = View;
			sourceTree = "<group>";
		};
		DB5D1DA02C8E590400430A06 /* ViewModel */ = {
			isa = PBXGroup;
			children = (
				DB5D1DA52C8E5E9F00430A06 /* InquilinoItemViewModel.swift */,
			);
			path = ViewModel;
			sourceTree = "<group>";
		};
		DB5D1DA72C8E655D00430A06 /* InquilinoListView */ = {
			isa = PBXGroup;
			children = (
			);
			path = InquilinoListView;
			sourceTree = "<group>";
		};
		DB5D1DA82C8EAFE800430A06 /* InquilinoDetalle */ = {
			isa = PBXGroup;
			children = (
				DB5D1DAB2C8EAFFF00430A06 /* View */,
				DB5D1DAA2C8EAFF900430A06 /* ViewModel */,
				DB5D1DA92C8EAFF300430A06 /* Model */,
			);
			path = InquilinoDetalle;
			sourceTree = "<group>";
		};
		DB5D1DA92C8EAFF300430A06 /* Model */ = {
			isa = PBXGroup;
			children = (
			);
			path = Model;
			sourceTree = "<group>";
		};
		DB5D1DAA2C8EAFF900430A06 /* ViewModel */ = {
			isa = PBXGroup;
			children = (
			);
			path = ViewModel;
			sourceTree = "<group>";
		};
		DB5D1DAB2C8EAFFF00430A06 /* View */ = {
			isa = PBXGroup;
			children = (
				DB5D1DAC2C8EB01D00430A06 /* InquilinoDetallesUIView.swift */,
			);
			path = View;
			sourceTree = "<group>";
		};
/* End PBXGroup section */

/* Begin PBXNativeTarget section */
		DB5D1D892C8E512200430A06 /* AdministradorRenta */ = {
			isa = PBXNativeTarget;
			buildConfigurationList = DB5D1D982C8E512400430A06 /* Build configuration list for PBXNativeTarget "AdministradorRenta" */;
			buildPhases = (
				DB5D1D862C8E512200430A06 /* Sources */,
				DB5D1D872C8E512200430A06 /* Frameworks */,
				DB5D1D882C8E512200430A06 /* Resources */,
			);
			buildRules = (
			);
			dependencies = (
			);
			name = AdministradorRenta;
			productName = AdministradorRenta;
			productReference = DB5D1D8A2C8E512200430A06 /* AdministradorRenta.app */;
			productType = "com.apple.product-type.application";
		};
/* End PBXNativeTarget section */

/* Begin PBXProject section */
		DB5D1D822C8E512200430A06 /* Project object */ = {
			isa = PBXProject;
			attributes = {
				BuildIndependentTargetsInParallel = 1;
				LastSwiftUpdateCheck = 1540;
				LastUpgradeCheck = 1540;
				TargetAttributes = {
					DB5D1D892C8E512200430A06 = {
						CreatedOnToolsVersion = 15.4;
					};
				};
			};
			buildConfigurationList = DB5D1D852C8E512200430A06 /* Build configuration list for PBXProject "AdministradorRenta" */;
			compatibilityVersion = "Xcode 14.0";
			developmentRegion = en;
			hasScannedForEncodings = 0;
			knownRegions = (
				en,
				Base,
			);
			mainGroup = DB5D1D812C8E512200430A06;
			productRefGroup = DB5D1D8B2C8E512200430A06 /* Products */;
			projectDirPath = "";
			projectRoot = "";
			targets = (
				DB5D1D892C8E512200430A06 /* AdministradorRenta */,
			);
		};
/* End PBXProject section */

/* Begin PBXResourcesBuildPhase section */
		DB5D1D882C8E512200430A06 /* Resources */ = {
			isa = PBXResourcesBuildPhase;
			buildActionMask = 2147483647;
			files = (
				DB5D1D952C8E512400430A06 /* Preview Assets.xcassets in Resources */,
				DB5D1D922C8E512400430A06 /* Assets.xcassets in Resources */,
			);
			runOnlyForDeploymentPostprocessing = 0;
		};
/* End PBXResourcesBuildPhase section */

/* Begin PBXSourcesBuildPhase section */
		DB5D1D862C8E512200430A06 /* Sources */ = {
			isa = PBXSourcesBuildPhase;
			buildActionMask = 2147483647;
			files = (
				DB5D1D902C8E512200430A06 /* ContentView.swift in Sources */,
				DB5D1D8E2C8E512200430A06 /* AdministradorRentaApp.swift in Sources */,
				DB5D1DA62C8E5E9F00430A06 /* InquilinoItemViewModel.swift in Sources */,
				DB5D1DAD2C8EB01D00430A06 /* InquilinoDetallesUIView.swift in Sources */,
				DB5D1DA42C8E5A9F00430A06 /* InquilinoIItemUIView.swift in Sources */,
				DB5D1D9D2C8E58F000430A06 /* InquilinoModel.swift in Sources */,
			);
			runOnlyForDeploymentPostprocessing = 0;
		};
/* End PBXSourcesBuildPhase section */

/* Begin XCBuildConfiguration section */
		DB5D1D962C8E512400430A06 /* Debug */ = {
			isa = XCBuildConfiguration;
			buildSettings = {
				ALWAYS_SEARCH_USER_PATHS = NO;
				ASSETCATALOG_COMPILER_GENERATE_SWIFT_ASSET_SYMBOL_EXTENSIONS = YES;
				CLANG_ANALYZER_NONNULL = YES;
				CLANG_ANALYZER_NUMBER_OBJECT_CONVERSION = YES_AGGRESSIVE;
				CLANG_CXX_LANGUAGE_STANDARD = "gnu++20";
				CLANG_ENABLE_MODULES = YES;
				CLANG_ENABLE_OBJC_ARC = YES;
				CLANG_ENABLE_OBJC_WEAK = YES;
				CLANG_WARN_BLOCK_CAPTURE_AUTORELEASING = YES;
				CLANG_WARN_BOOL_CONVERSION = YES;
				CLANG_WARN_COMMA = YES;
				CLANG_WARN_CONSTANT_CONVERSION = YES;
				CLANG_WARN_DEPRECATED_OBJC_IMPLEMENTATIONS = YES;
				CLANG_WARN_DIRECT_OBJC_ISA_USAGE = YES_ERROR;
				CLANG_WARN_DOCUMENTATION_COMMENTS = YES;
				CLANG_WARN_EMPTY_BODY = YES;
				CLANG_WARN_ENUM_CONVERSION = YES;
				CLANG_WARN_INFINITE_RECURSION = YES;
				CLANG_WARN_INT_CONVERSION = YES;
				CLANG_WARN_NON_LITERAL_NULL_CONVERSION = YES;
				CLANG_WARN_OBJC_IMPLICIT_RETAIN_SELF = YES;
				CLANG_WARN_OBJC_LITERAL_CONVERSION = YES;
				CLANG_WARN_OBJC_ROOT_CLASS = YES_ERROR;
				CLANG_WARN_QUOTED_INCLUDE_IN_FRAMEWORK_HEADER = YES;
				CLANG_WARN_RANGE_LOOP_ANALYSIS = YES;
				CLANG_WARN_STRICT_PROTOTYPES = YES;
				CLANG_WARN_SUSPICIOUS_MOVE = YES;
				CLANG_WARN_UNGUARDED_AVAILABILITY = YES_AGGRESSIVE;
				CLANG_WARN_UNREACHABLE_CODE = YES;
				CLANG_WARN__DUPLICATE_METHOD_MATCH = YES;
				COPY_PHASE_STRIP = NO;
				DEBUG_INFORMATION_FORMAT = dwarf;
				ENABLE_STRICT_OBJC_MSGSEND = YES;
				ENABLE_TESTABILITY = YES;
				ENABLE_USER_SCRIPT_SANDBOXING = YES;
				GCC_C_LANGUAGE_STANDARD = gnu17;
				GCC_DYNAMIC_NO_PIC = NO;
				GCC_NO_COMMON_BLOCKS = YES;
				GCC_OPTIMIZATION_LEVEL = 0;
				GCC_PREPROCESSOR_DEFINITIONS = (
					"DEBUG=1",
					"$(inherited)",
				);
				GCC_WARN_64_TO_32_BIT_CONVERSION = YES;
				GCC_WARN_ABOUT_RETURN_TYPE = YES_ERROR;
				GCC_WARN_UNDECLARED_SELECTOR = YES;
				GCC_WARN_UNINITIALIZED_AUTOS = YES_AGGRESSIVE;
				GCC_WARN_UNUSED_FUNCTION = YES;
				GCC_WARN_UNUSED_VARIABLE = YES;
				IPHONEOS_DEPLOYMENT_TARGET = 17.5;
				LOCALIZATION_PREFERS_STRING_CATALOGS = YES;
				MTL_ENABLE_DEBUG_INFO = INCLUDE_SOURCE;
				MTL_FAST_MATH = YES;
				ONLY_ACTIVE_ARCH = YES;
				SDKROOT = iphoneos;
				SWIFT_ACTIVE_COMPILATION_CONDITIONS = "DEBUG $(inherited)";
				SWIFT_OPTIMIZATION_LEVEL = "-Onone";
			};
			name = Debug;
		};
		DB5D1D972C8E512400430A06 /* Release */ = {
			isa = XCBuildConfiguration;
			buildSettings = {
				ALWAYS_SEARCH_USER_PATHS = NO;
				ASSETCATALOG_COMPILER_GENERATE_SWIFT_ASSET_SYMBOL_EXTENSIONS = YES;
				CLANG_ANALYZER_NONNULL = YES;
				CLANG_ANALYZER_NUMBER_OBJECT_CONVERSION = YES_AGGRESSIVE;
				CLANG_CXX_LANGUAGE_STANDARD = "gnu++20";
				CLANG_ENABLE_MODULES = YES;
				CLANG_ENABLE_OBJC_ARC = YES;
				CLANG_ENABLE_OBJC_WEAK = YES;
				CLANG_WARN_BLOCK_CAPTURE_AUTORELEASING = YES;
				CLANG_WARN_BOOL_CONVERSION = YES;
				CLANG_WARN_COMMA = YES;
				CLANG_WARN_CONSTANT_CONVERSION = YES;
				CLANG_WARN_DEPRECATED_OBJC_IMPLEMENTATIONS = YES;
				CLANG_WARN_DIRECT_OBJC_ISA_USAGE = YES_ERROR;
				CLANG_WARN_DOCUMENTATION_COMMENTS = YES;
				CLANG_WARN_EMPTY_BODY = YES;
				CLANG_WARN_ENUM_CONVERSION = YES;
				CLANG_WARN_INFINITE_RECURSION = YES;
				CLANG_WARN_INT_CONVERSION = YES;
				CLANG_WARN_NON_LITERAL_NULL_CONVERSION = YES;
				CLANG_WARN_OBJC_IMPLICIT_RETAIN_SELF = YES;
				CLANG_WARN_OBJC_LITERAL_CONVERSION = YES;
				CLANG_WARN_OBJC_ROOT_CLASS = YES_ERROR;
				CLANG_WARN_QUOTED_INCLUDE_IN_FRAMEWORK_HEADER = YES;
				CLANG_WARN_RANGE_LOOP_ANALYSIS = YES;
				CLANG_WARN_STRICT_PROTOTYPES = YES;
				CLANG_WARN_SUSPICIOUS_MOVE = YES;
				CLANG_WARN_UNGUARDED_AVAILABILITY = YES_AGGRESSIVE;
				CLANG_WARN_UNREACHABLE_CODE = YES;
				CLANG_WARN__DUPLICATE_METHOD_MATCH = YES;
				COPY_PHASE_STRIP = NO;
				DEBUG_INFORMATION_FORMAT = "dwarf-with-dsym";
				ENABLE_NS_ASSERTIONS = NO;
				ENABLE_STRICT_OBJC_MSGSEND = YES;
				ENABLE_USER_SCRIPT_SANDBOXING = YES;
				GCC_C_LANGUAGE_STANDARD = gnu17;
				GCC_NO_COMMON_BLOCKS = YES;
				GCC_WARN_64_TO_32_BIT_CONVERSION = YES;
				GCC_WARN_ABOUT_RETURN_TYPE = YES_ERROR;
				GCC_WARN_UNDECLARED_SELECTOR = YES;
				GCC_WARN_UNINITIALIZED_AUTOS = YES_AGGRESSIVE;
				GCC_WARN_UNUSED_FUNCTION = YES;
				GCC_WARN_UNUSED_VARIABLE = YES;
				IPHONEOS_DEPLOYMENT_TARGET = 17.5;
				LOCALIZATION_PREFERS_STRING_CATALOGS = YES;
				MTL_ENABLE_DEBUG_INFO = NO;
				MTL_FAST_MATH = YES;
				SDKROOT = iphoneos;
				SWIFT_COMPILATION_MODE = wholemodule;
				VALIDATE_PRODUCT = YES;
			};
			name = Release;
		};
		DB5D1D992C8E512400430A06 /* Debug */ = {
			isa = XCBuildConfiguration;
			buildSettings = {
				ASSETCATALOG_COMPILER_APPICON_NAME = AppIcon;
				ASSETCATALOG_COMPILER_GLOBAL_ACCENT_COLOR_NAME = AccentColor;
				CODE_SIGN_STYLE = Automatic;
				CURRENT_PROJECT_VERSION = 1;
				DEVELOPMENT_ASSET_PATHS = "\"AdministradorRenta/Preview Content\"";
				DEVELOPMENT_TEAM = 8V8ZQ8R5D9;
				ENABLE_PREVIEWS = YES;
				GENERATE_INFOPLIST_FILE = YES;
				INFOPLIST_KEY_UIApplicationSceneManifest_Generation = YES;
				INFOPLIST_KEY_UIApplicationSupportsIndirectInputEvents = YES;
				INFOPLIST_KEY_UILaunchScreen_Generation = YES;
				INFOPLIST_KEY_UISupportedInterfaceOrientations_iPad = "UIInterfaceOrientationPortrait UIInterfaceOrientationPortraitUpsideDown UIInterfaceOrientationLandscapeLeft UIInterfaceOrientationLandscapeRight";
				INFOPLIST_KEY_UISupportedInterfaceOrientations_iPhone = "UIInterfaceOrientationPortrait UIInterfaceOrientationLandscapeLeft UIInterfaceOrientationLandscapeRight";
				LD_RUNPATH_SEARCH_PATHS = (
					"$(inherited)",
					"@executable_path/Frameworks",
				);
				MARKETING_VERSION = 1.0;
				PRODUCT_BUNDLE_IDENTIFIER = com.dlichz.AdministradorRenta;
				PRODUCT_NAME = "$(TARGET_NAME)";
				SWIFT_EMIT_LOC_STRINGS = YES;
				SWIFT_VERSION = 5.0;
				TARGETED_DEVICE_FAMILY = "1,2";
			};
			name = Debug;
		};
		DB5D1D9A2C8E512400430A06 /* Release */ = {
			isa = XCBuildConfiguration;
			buildSettings = {
				ASSETCATALOG_COMPILER_APPICON_NAME = AppIcon;
				ASSETCATALOG_COMPILER_GLOBAL_ACCENT_COLOR_NAME = AccentColor;
				CODE_SIGN_STYLE = Automatic;
				CURRENT_PROJECT_VERSION = 1;
				DEVELOPMENT_ASSET_PATHS = "\"AdministradorRenta/Preview Content\"";
				DEVELOPMENT_TEAM = 8V8ZQ8R5D9;
				ENABLE_PREVIEWS = YES;
				GENERATE_INFOPLIST_FILE = YES;
				INFOPLIST_KEY_UIApplicationSceneManifest_Generation = YES;
				INFOPLIST_KEY_UIApplicationSupportsIndirectInputEvents = YES;
				INFOPLIST_KEY_UILaunchScreen_Generation = YES;
				INFOPLIST_KEY_UISupportedInterfaceOrientations_iPad = "UIInterfaceOrientationPortrait UIInterfaceOrientationPortraitUpsideDown UIInterfaceOrientationLandscapeLeft UIInterfaceOrientationLandscapeRight";
				INFOPLIST_KEY_UISupportedInterfaceOrientations_iPhone = "UIInterfaceOrientationPortrait UIInterfaceOrientationLandscapeLeft UIInterfaceOrientationLandscapeRight";
				LD_RUNPATH_SEARCH_PATHS = (
					"$(inherited)",
					"@executable_path/Frameworks",
				);
				MARKETING_VERSION = 1.0;
				PRODUCT_BUNDLE_IDENTIFIER = com.dlichz.AdministradorRenta;
				PRODUCT_NAME = "$(TARGET_NAME)";
				SWIFT_EMIT_LOC_STRINGS = YES;
				SWIFT_VERSION = 5.0;
				TARGETED_DEVICE_FAMILY = "1,2";
			};
			name = Release;
		};
/* End XCBuildConfiguration section */

/* Begin XCConfigurationList section */
		DB5D1D852C8E512200430A06 /* Build configuration list for PBXProject "AdministradorRenta" */ = {
			isa = XCConfigurationList;
			buildConfigurations = (
				DB5D1D962C8E512400430A06 /* Debug */,
				DB5D1D972C8E512400430A06 /* Release */,
			);
			defaultConfigurationIsVisible = 0;
			defaultConfigurationName = Release;
		};
		DB5D1D982C8E512400430A06 /* Build configuration list for PBXNativeTarget "AdministradorRenta" */ = {
			isa = XCConfigurationList;
			buildConfigurations = (
				DB5D1D992C8E512400430A06 /* Debug */,
				DB5D1D9A2C8E512400430A06 /* Release */,
			);
			defaultConfigurationIsVisible = 0;
			defaultConfigurationName = Release;
		};
/* End XCConfigurationList section */
	};
	rootObject = DB5D1D822C8E512200430A06 /* Project object */;
}
